
Microsoft Visual Studio Solution File, Format Version 12.00
# Visual Studio Version 16
VisualStudioVersion = 16.0.29503.13
MinimumVisualStudioVersion = 10.0.40219.1
Project("{8BC9CEB8-8B4A-11D0-8D11-00A0C91BC942}") = "Project-Philip-Leo-Grafikkarten", "Project-Philip-Leo-Grafikkarten\Project-Philip-Leo-Grafikkarten.vcxproj", "{7DD8F6A1-835A-49FB-AEC8-48B06BBB47A3}"
EndProject
Global
	GlobalSection(SolutionConfigurationPlatforms) = preSolution
		Debug|x64 = Debug|x64
		Debug|x86 = Debug|x86
		Release|x64 = Release|x64
		Release|x86 = Release|x86
	EndGlobalSection
	GlobalSection(ProjectConfigurationPlatforms) = postSolution
		{7DD8F6A1-835A-49FB-AEC8-48B06BBB47A3}.Debug|x64.ActiveCfg = Debug|x64
		{7DD8F6A1-835A-49FB-AEC8-48B06BBB47A3}.Debug|x64.Build.0 = Debug|x64
		{7DD8F6A1-835A-49FB-AEC8-48B06BBB47A3}.Debug|x86.ActiveCfg = Debug|Win32
		{7DD8F6A1-835A-49FB-AEC8-48B06BBB47A3}.Debug|x86.Build.0 = Debug|Win32
		{7DD8F6A1-835A-49FB-AEC8-48B06BBB47A3}.Release|x64.ActiveCfg = Release|x64
		{7DD8F6A1-835A-49FB-AEC8-48B06BBB47A3}.Release|x64.Build.0 = Release|x64
		{7DD8F6A1-835A-49FB-AEC8-48B06BBB47A3}.Release|x86.ActiveCfg = Release|Win32
		{7DD8F6A1-835A-49FB-AEC8-48B06BBB47A3}.Release|x86.Build.0 = Release|Win32
	EndGlobalSection
	GlobalSection(SolutionProperties) = preSolution
		HideSolutionNode = FALSE
	EndGlobalSection
	GlobalSection(ExtensibilityGlobals) = postSolution
		SolutionGuid = {56FCF34D-5D6A-4A8E-A3F2-6FB393EF398E}
	EndGlobalSection
EndGlobal
